[[package]]
name = "certifi"
version = "2021.5.30"
description = "Python package for providing Mozilla's CA Bundle."
category = "main"
optional = false
python-versions = "*"

[[package]]
name = "chardet"
version = "3.0.4"
description = "Universal encoding detector for Python 2 and 3"
category = "main"
optional = false
python-versions = "*"

[[package]]
name = "charset-normalizer"
version = "2.0.6"
description = "The Real First Universal Charset Detector. Open, modern and actively maintained alternative to Chardet."
category = "main"
optional = false
python-versions = ">=3.5.0"

[package.extras]
unicode_backport = ["unicodedata2"]

[[package]]
name = "googletrans"
version = "3.1.0a0"
description = "Free Google Translate API for Python. Translates totally free of charge."
category = "main"
optional = false
python-versions = ">=3.6"

[package.dependencies]
httpx = "0.13.3"

[[package]]
name = "h11"
version = "0.9.0"
description = "A pure-Python, bring-your-own-I/O implementation of HTTP/1.1"
category = "main"
optional = false
python-versions = "*"

[[package]]
name = "h2"
version = "3.2.0"
description = "HTTP/2 State-Machine based protocol implementation"
category = "main"
optional = false
python-versions = "*"

[package.dependencies]
hpack = ">=3.0,<4"
hyperframe = ">=5.2.0,<6"

[[package]]
name = "hpack"
version = "3.0.0"
description = "Pure-Python HPACK header compression"
category = "main"
optional = false
python-versions = "*"

[[package]]
name = "hstspreload"
version = "2021.9.1"
description = "Chromium HSTS Preload list as a Python package"
category = "main"
optional = false
python-versions = ">=3.6"

[[package]]
name = "httpcore"
version = "0.9.1"
description = "A minimal low-level HTTP client."
category = "main"
optional = false
python-versions = ">=3.6"

[package.dependencies]
h11 = ">=0.8,<0.10"
h2 = ">=3.0.0,<4.0.0"
sniffio = ">=1.0.0,<2.0.0"

[[package]]
name = "httpx"
version = "0.13.3"
description = "The next generation HTTP client."
category = "main"
optional = false
python-versions = ">=3.6"

[package.dependencies]
certifi = "*"
chardet = ">=3.0.0,<4.0.0"
hstspreload = "*"
httpcore = ">=0.9.0,<0.10.0"
idna = ">=2.0.0,<3.0.0"
rfc3986 = ">=1.3,<2"
sniffio = "*"

[[package]]
name = "hyperframe"
version = "5.2.0"
description = "HTTP/2 framing layer for Python"
category = "main"
optional = false
python-versions = "*"

[[package]]
name = "idna"
version = "2.10"
description = "Internationalized Domain Names in Applications (IDNA)"
category = "main"
optional = false
python-versions = ">=2.7, !=3.0.*, !=3.1.*, !=3.2.*, !=3.3.*"

[[package]]
name = "requests"
version = "2.26.0"
description = "Python HTTP for Humans."
category = "main"
optional = false
python-versions = ">=2.7, !=3.0.*, !=3.1.*, !=3.2.*, !=3.3.*, !=3.4.*, !=3.5.*"

[package.dependencies]
certifi = ">=2017.4.17"
charset-normalizer = {version = ">=2.0.0,<2.1.0", markers = "python_version >= \"3\""}
idna = {version = ">=2.5,<4", markers = "python_version >= \"3\""}
urllib3 = ">=1.21.1,<1.27"

[package.extras]
socks = ["PySocks (>=1.5.6,!=1.5.7)", "win-inet-pton"]
use_chardet_on_py3 = ["chardet (>=3.0.2,<5)"]

[[package]]
name = "rfc3986"
version = "1.5.0"
description = "Validating URI References per RFC 3986"
category = "main"
optional = false
python-versions = "*"

[package.extras]
idna2008 = ["idna"]

[[package]]
name = "sniffio"
version = "1.2.0"
description = "Sniff out which async library your code is running under"
category = "main"
optional = false
python-versions = ">=3.5"

[[package]]
name = "urllib3"
version = "1.26.6"
description = "HTTP library with thread-safe connection pooling, file post, and more."
category = "main"
optional = false
python-versions = ">=2.7, !=3.0.*, !=3.1.*, !=3.2.*, !=3.3.*, !=3.4.*, <4"

[package.extras]
brotli = ["brotlipy (>=0.6.0)"]
secure = ["pyOpenSSL (>=0.14)", "cryptography (>=1.3.4)", "idna (>=2.0.0)", "certifi", "ipaddress"]
socks = ["PySocks (>=1.5.6,!=1.5.7,<2.0)"]

[metadata]
lock-version = "1.1"
python-versions = "^3.8"
content-hash = "b595fae533bee704749af24c4ff13a000d12d4cbe806a18da5280282f571aea8"

[metadata.files]
certifi = [
    {file = "certifi-2021.5.30-py2.py3-none-any.whl", hash = "sha256:50b1e4f8446b06f41be7dd6338db18e0990601dce795c2b1686458aa7e8fa7d8"},
    {file = "certifi-2021.5.30.tar.gz", hash = "sha256:2bbf76fd432960138b3ef6dda3dde0544f27cbf8546c458e60baf371917ba9ee"},
]
chardet = [
    {file = "chardet-3.0.4-py2.py3-none-any.whl", hash = "sha256:fc323ffcaeaed0e0a02bf4d117757b98aed530d9ed4531e3e15460124c106691"},
    {file = "chardet-3.0.4.tar.gz", hash = "sha256:84ab92ed1c4d4f16916e05906b6b75a6c0fb5db821cc65e70cbd64a3e2a5eaae"},
]
charset-normalizer = [
    {file = "charset-normalizer-2.0.6.tar.gz", hash = "sha256:5ec46d183433dcbd0ab716f2d7f29d8dee50505b3fdb40c6b985c7c4f5a3591f"},
    {file = "charset_normalizer-2.0.6-py3-none-any.whl", hash = "sha256:5d209c0a931f215cee683b6445e2d77677e7e75e159f78def0db09d68fafcaa6"},
]
googletrans = [
    {file = "googletrans-3.1.0a0.tar.gz", hash = "sha256:d20373a7975791318a7e5d6c6e3205012d7a990b8fabbfc6b0c16017a6dfae04"},
]
h11 = [
    {file = "h11-0.9.0-py2.py3-none-any.whl", hash = "sha256:4bc6d6a1238b7615b266ada57e0618568066f57dd6fa967d1290ec9309b2f2f1"},
    {file = "h11-0.9.0.tar.gz", hash = "sha256:33d4bca7be0fa039f4e84d50ab00531047e53d6ee8ffbc83501ea602c169cae1"},
]
h2 = [
    {file = "h2-3.2.0-py2.py3-none-any.whl", hash = "sha256:61e0f6601fa709f35cdb730863b4e5ec7ad449792add80d1410d4174ed139af5"},
    {file = "h2-3.2.0.tar.gz", hash = "sha256:875f41ebd6f2c44781259005b157faed1a5031df3ae5aa7bcb4628a6c0782f14"},
]
hpack = [
    {file = "hpack-3.0.0-py2.py3-none-any.whl", hash = "sha256:0edd79eda27a53ba5be2dfabf3b15780928a0dff6eb0c60a3d6767720e970c89"},
    {file = "hpack-3.0.0.tar.gz", hash = "sha256:8eec9c1f4bfae3408a3f30500261f7e6a65912dc138526ea054f9ad98892e9d2"},
]
hstspreload = [
    {file = "hstspreload-2021.9.1-py3-none-any.whl", hash = "sha256:c677c0886f5dfade2c81b9e39be8619d62bb0816784dd7d2b6a97942bc8add97"},
    {file = "hstspreload-2021.9.1.tar.gz", hash = "sha256:a81748bbf9004f293a5cee2405d558d9fff38a2247f1f98ce4aed8f5c7ab4d25"},
]
httpcore = [
    {file = "httpcore-0.9.1-py3-none-any.whl", hash = "sha256:9850fe97a166a794d7e920590d5ec49a05488884c9fc8b5dba8561effab0c2a0"},
    {file = "httpcore-0.9.1.tar.gz", hash = "sha256:ecc5949310d9dae4de64648a4ce529f86df1f232ce23dcfefe737c24d21dfbe9"},
]
httpx = [
    {file = "httpx-0.13.3-py3-none-any.whl", hash = "sha256:32d930858eab677bc29a742aaa4f096de259f1c78c68a90ad11f5c3c04f08335"},
    {file = "httpx-0.13.3.tar.gz", hash = "sha256:3642bd13e90b80ba8a243a730275eb10a4c26ec96f5fc16b87e458d4ab21efae"},
]
hyperframe = [
    {file = "hyperframe-5.2.0-py2.py3-none-any.whl", hash = "sha256:5187962cb16dcc078f23cb5a4b110098d546c3f41ff2d4038a9896893bbd0b40"},
    {file = "hyperframe-5.2.0.tar.gz", hash = "sha256:a9f5c17f2cc3c719b917c4f33ed1c61bd1f8dfac4b1bd23b7c80b3400971b41f"},
]
idna = [
    {file = "idna-2.10-py2.py3-none-any.whl", hash = "sha256:b97d804b1e9b523befed77c48dacec60e6dcb0b5391d57af6a65a312a90648c0"},
    {file = "idna-2.10.tar.gz", hash = "sha256:b307872f855b18632ce0c21c5e45be78c0ea7ae4c15c828c20788b26921eb3f6"},
]
requests = [
    {file = "requests-2.26.0-py2.py3-none-any.whl", hash = "sha256:6c1246513ecd5ecd4528a0906f910e8f0f9c6b8ec72030dc9fd154dc1a6efd24"},
    {file = "requests-2.26.0.tar.gz", hash = "sha256:b8aa58f8cf793ffd8782d3d8cb19e66ef36f7aba4353eec859e74678b01b07a7"},
]
rfc3986 = [
    {file = "rfc3986-1.5.0-py2.py3-none-any.whl", hash = "sha256:a86d6e1f5b1dc238b218b012df0aa79409667bb209e58da56d0b94704e712a97"},
    {file = "rfc3986-1.5.0.tar.gz", hash = "sha256:270aaf10d87d0d4e095063c65bf3ddbc6ee3d0b226328ce21e036f946e421835"},
]
sniffio = [
    {file = "sniffio-1.2.0-py3-none-any.whl", hash = "sha256:471b71698eac1c2112a40ce2752bb2f4a4814c22a54a3eed3676bc0f5ca9f663"},
    {file = "sniffio-1.2.0.tar.gz", hash = "sha256:c4666eecec1d3f50960c6bdf61ab7bc350648da6c126e3cf6898d8cd4ddcd3de"},
]
urllib3 = [
    {file = "urllib3-1.26.6-py2.py3-none-any.whl", hash = "sha256:39fb8672126159acb139a7718dd10806104dec1e2f0f6c88aab05d17df10c8d4"},
    {file = "urllib3-1.26.6.tar.gz", hash = "sha256:f57b4c16c62fa2760b7e3d97c35b255512fb6b59a259730f36ba32ce9f8e342f"},
]
